// !$*UTF8*$!
{
	archiveVersion = 1;
	classes = {
	};
	objectVersion = 50;
	objects = {

/* Begin PBXBuildFile section */
		9A060FFD24EEFCAF009A80DD /* AppDelegate.swift in Sources */ = {isa = PBXBuildFile; fileRef = 9A060FFC24EEFCAF009A80DD /* AppDelegate.swift */; };
		9A060FFF24EEFCAF009A80DD /* SceneDelegate.swift in Sources */ = {isa = PBXBuildFile; fileRef = 9A060FFE24EEFCAF009A80DD /* SceneDelegate.swift */; };
		9A06100124EEFCAF009A80DD /* ViewController.swift in Sources */ = {isa = PBXBuildFile; fileRef = 9A06100024EEFCAF009A80DD /* ViewController.swift */; };
		9A06100424EEFCAF009A80DD /* Main.storyboard in Resources */ = {isa = PBXBuildFile; fileRef = 9A06100224EEFCAF009A80DD /* Main.storyboard */; };
		9A06100624EEFCB1009A80DD /* Assets.xcassets in Resources */ = {isa = PBXBuildFile; fileRef = 9A06100524EEFCB1009A80DD /* Assets.xcassets */; };
		9A06100924EEFCB1009A80DD /* LaunchScreen.storyboard in Resources */ = {isa = PBXBuildFile; fileRef = 9A06100724EEFCB1009A80DD /* LaunchScreen.storyboard */; };
		9A06101424EEFCB1009A80DD /* XO_GameTests.swift in Sources */ = {isa = PBXBuildFile; fileRef = 9A06101324EEFCB1009A80DD /* XO_GameTests.swift */; };
		9A06101F24EEFCB1009A80DD /* XO_GameUITests.swift in Sources */ = {isa = PBXBuildFile; fileRef = 9A06101E24EEFCB1009A80DD /* XO_GameUITests.swift */; };
		FA1EE53B27DA292D001726B0 /* ResultViewController.swift in Sources */ = {isa = PBXBuildFile; fileRef = FA1EE53A27DA292D001726B0 /* ResultViewController.swift */; };
/* End PBXBuildFile section */

/* Begin PBXContainerItemProxy section */
		9A06101024EEFCB1009A80DD /* PBXContainerItemProxy */ = {
			isa = PBXContainerItemProxy;
			containerPortal = 9A060FF124EEFCAF009A80DD /* Project object */;
			proxyType = 1;
			remoteGlobalIDString = 9A060FF824EEFCAF009A80DD;
			remoteInfo = "XO Game";
		};
		9A06101B24EEFCB1009A80DD /* PBXContainerItemProxy */ = {
			isa = PBXContainerItemProxy;
			containerPortal = 9A060FF124EEFCAF009A80DD /* Project object */;
			proxyType = 1;
			remoteGlobalIDString = 9A060FF824EEFCAF009A80DD;
			remoteInfo = "XO Game";
		};
/* End PBXContainerItemProxy section */

/* Begin PBXFileReference section */
		9A060FF924EEFCAF009A80DD /* XO Game.app */ = {isa = PBXFileReference; explicitFileType = wrapper.application; includeInIndex = 0; path = "XO Game.app"; sourceTree = BUILT_PRODUCTS_DIR; };
		9A060FFC24EEFCAF009A80DD /* AppDelegate.swift */ = {isa = PBXFileReference; lastKnownFileType = sourcecode.swift; path = AppDelegate.swift; sourceTree = "<group>"; };
		9A060FFE24EEFCAF009A80DD /* SceneDelegate.swift */ = {isa = PBXFileReference; lastKnownFileType = sourcecode.swift; path = SceneDelegate.swift; sourceTree = "<group>"; };
		9A06100024EEFCAF009A80DD /* ViewController.swift */ = {isa = PBXFileReference; lastKnownFileType = sourcecode.swift; path = ViewController.swift; sourceTree = "<group>"; };
		9A06100324EEFCAF009A80DD /* Base */ = {isa = PBXFileReference; lastKnownFileType = file.storyboard; name = Base; path = Base.lproj/Main.storyboard; sourceTree = "<group>"; };
		9A06100524EEFCB1009A80DD /* Assets.xcassets */ = {isa = PBXFileReference; lastKnownFileType = folder.assetcatalog; path = Assets.xcassets; sourceTree = "<group>"; };
		9A06100824EEFCB1009A80DD /* Base */ = {isa = PBXFileReference; lastKnownFileType = file.storyboard; name = Base; path = Base.lproj/LaunchScreen.storyboard; sourceTree = "<group>"; };
		9A06100A24EEFCB1009A80DD /* Info.plist */ = {isa = PBXFileReference; lastKnownFileType = text.plist.xml; path = Info.plist; sourceTree = "<group>"; };
		9A06100F24EEFCB1009A80DD /* XO GameTests.xctest */ = {isa = PBXFileReference; explicitFileType = wrapper.cfbundle; includeInIndex = 0; path = "XO GameTests.xctest"; sourceTree = BUILT_PRODUCTS_DIR; };
		9A06101324EEFCB1009A80DD /* XO_GameTests.swift */ = {isa = PBXFileReference; lastKnownFileType = sourcecode.swift; path = XO_GameTests.swift; sourceTree = "<group>"; };
		9A06101524EEFCB1009A80DD /* Info.plist */ = {isa = PBXFileReference; lastKnownFileType = text.plist.xml; path = Info.plist; sourceTree = "<group>"; };
		9A06101A24EEFCB1009A80DD /* XO GameUITests.xctest */ = {isa = PBXFileReference; explicitFileType = wrapper.cfbundle; includeInIndex = 0; path = "XO GameUITests.xctest"; sourceTree = BUILT_PRODUCTS_DIR; };
		9A06101E24EEFCB1009A80DD /* XO_GameUITests.swift */ = {isa = PBXFileReference; lastKnownFileType = sourcecode.swift; path = XO_GameUITests.swift; sourceTree = "<group>"; };
		9A06102024EEFCB1009A80DD /* Info.plist */ = {isa = PBXFileReference; lastKnownFileType = text.plist.xml; path = Info.plist; sourceTree = "<group>"; };
		FA1EE53A27DA292D001726B0 /* ResultViewController.swift */ = {isa = PBXFileReference; lastKnownFileType = sourcecode.swift; path = ResultViewController.swift; sourceTree = "<group>"; };
/* End PBXFileReference section */

/* Begin PBXFrameworksBuildPhase section */
		9A060FF624EEFCAF009A80DD /* Frameworks */ = {
			isa = PBXFrameworksBuildPhase;
			buildActionMask = 2147483647;
			files = (
			);
			runOnlyForDeploymentPostprocessing = 0;
		};
		9A06100C24EEFCB1009A80DD /* Frameworks */ = {
			isa = PBXFrameworksBuildPhase;
			buildActionMask = 2147483647;
			files = (
			);
			runOnlyForDeploymentPostprocessing = 0;
		};
		9A06101724EEFCB1009A80DD /* Frameworks */ = {
			isa = PBXFrameworksBuildPhase;
			buildActionMask = 2147483647;
			files = (
			);
			runOnlyForDeploymentPostprocessing = 0;
		};
/* End PBXFrameworksBuildPhase section */

/* Begin PBXGroup section */
		9A060FF024EEFCAF009A80DD = {
			isa = PBXGroup;
			children = (
				9A060FFB24EEFCAF009A80DD /* XO Game */,
				9A06101224EEFCB1009A80DD /* XO GameTests */,
				9A06101D24EEFCB1009A80DD /* XO GameUITests */,
				9A060FFA24EEFCAF009A80DD /* Products */,
			);
			sourceTree = "<group>";
		};
		9A060FFA24EEFCAF009A80DD /* Products */ = {
			isa = PBXGroup;
			children = (
				9A060FF924EEFCAF009A80DD /* XO Game.app */,
				9A06100F24EEFCB1009A80DD /* XO GameTests.xctest */,
				9A06101A24EEFCB1009A80DD /* XO GameUITests.xctest */,
			);
			name = Products;
			sourceTree = "<group>";
		};
		9A060FFB24EEFCAF009A80DD /* XO Game */ = {
			isa = PBXGroup;
			children = (
				9A060FFC24EEFCAF009A80DD /* AppDelegate.swift */,
				9A060FFE24EEFCAF009A80DD /* SceneDelegate.swift */,
				9A06100024EEFCAF009A80DD /* ViewController.swift */,
				9A06100224EEFCAF009A80DD /* Main.storyboard */,
				FA1EE53A27DA292D001726B0 /* ResultViewController.swift */,
				9A06100524EEFCB1009A80DD /* Assets.xcassets */,
				9A06100724EEFCB1009A80DD /* LaunchScreen.storyboard */,
				9A06100A24EEFCB1009A80DD /* Info.plist */,
			);
			path = "XO Game";
			sourceTree = "<group>";
		};
		9A06101224EEFCB1009A80DD /* XO GameTests */ = {
			isa = PBXGroup;
			children = (
				9A06101324EEFCB1009A80DD /* XO_GameTests.swift */,
				9A06101524EEFCB1009A80DD /* Info.plist */,
			);
			path = "XO GameTests";
			sourceTree = "<group>";
		};
		9A06101D24EEFCB1009A80DD /* XO GameUITests */ = {
			isa = PBXGroup;
			children = (
				9A06101E24EEFCB1009A80DD /* XO_GameUITests.swift */,
				9A06102024EEFCB1009A80DD /* Info.plist */,
			);
			path = "XO GameUITests";
			sourceTree = "<group>";
		};
/* End PBXGroup section */

/* Begin PBXNativeTarget section */
		9A060FF824EEFCAF009A80DD /* XO Game */ = {
			isa = PBXNativeTarget;
			buildConfigurationList = 9A06102324EEFCB1009A80DD /* Build configuration list for PBXNativeTarget "XO Game" */;
			buildPhases = (
				9A060FF524EEFCAF009A80DD /* Sources */,
				9A060FF624EEFCAF009A80DD /* Frameworks */,
				9A060FF724EEFCAF009A80DD /* Resources */,
			);
			buildRules = (
			);
			dependencies = (
			);
			name = "XO Game";
			productName = "XO Game";
			productReference = 9A060FF924EEFCAF009A80DD /* XO Game.app */;
			productType = "com.apple.product-type.application";
		};
		9A06100E24EEFCB1009A80DD /* XO GameTests */ = {
			isa = PBXNativeTarget;
			buildConfigurationList = 9A06102624EEFCB1009A80DD /* Build configuration list for PBXNativeTarget "XO GameTests" */;
			buildPhases = (
				9A06100B24EEFCB1009A80DD /* Sources */,
				9A06100C24EEFCB1009A80DD /* Frameworks */,
				9A06100D24EEFCB1009A80DD /* Resources */,
			);
			buildRules = (
			);
			dependencies = (
				9A06101124EEFCB1009A80DD /* PBXTargetDependency */,
			);
			name = "XO GameTests";
			productName = "XO GameTests";
			productReference = 9A06100F24EEFCB1009A80DD /* XO GameTests.xctest */;
			productType = "com.apple.product-type.bundle.unit-test";
		};
		9A06101924EEFCB1009A80DD /* XO GameUITests */ = {
			isa = PBXNativeTarget;
			buildConfigurationList = 9A06102924EEFCB1009A80DD /* Build configuration list for PBXNativeTarget "XO GameUITests" */;
			buildPhases = (
				9A06101624EEFCB1009A80DD /* Sources */,
				9A06101724EEFCB1009A80DD /* Frameworks */,
				9A06101824EEFCB1009A80DD /* Resources */,
			);
			buildRules = (
			);
			dependencies = (
				9A06101C24EEFCB1009A80DD /* PBXTargetDependency */,
			);
			name = "XO GameUITests";
			productName = "XO GameUITests";
			productReference = 9A06101A24EEFCB1009A80DD /* XO GameUITests.xctest */;
			productType = "com.apple.product-type.bundle.ui-testing";
		};
/* End PBXNativeTarget section */

/* Begin PBXProject section */
		9A060FF124EEFCAF009A80DD /* Project object */ = {
			isa = PBXProject;
			attributes = {
				LastSwiftUpdateCheck = 1200;
				LastUpgradeCheck = 1200;
				TargetAttributes = {
					9A060FF824EEFCAF009A80DD = {
						CreatedOnToolsVersion = 12.0;
					};
					9A06100E24EEFCB1009A80DD = {
						CreatedOnToolsVersion = 12.0;
						TestTargetID = 9A060FF824EEFCAF009A80DD;
					};
					9A06101924EEFCB1009A80DD = {
						CreatedOnToolsVersion = 12.0;
						TestTargetID = 9A060FF824EEFCAF009A80DD;
					};
				};
			};
			buildConfigurationList = 9A060FF424EEFCAF009A80DD /* Build configuration list for PBXProject "XO Game" */;
			compatibilityVersion = "Xcode 9.3";
			developmentRegion = en;
			hasScannedForEncodings = 0;
			knownRegions = (
				en,
				Base,
			);
			mainGroup = 9A060FF024EEFCAF009A80DD;
			productRefGroup = 9A060FFA24EEFCAF009A80DD /* Products */;
			projectDirPath = "";
			projectRoot = "";
			targets = (
				9A060FF824EEFCAF009A80DD /* XO Game */,
				9A06100E24EEFCB1009A80DD /* XO GameTests */,
				9A06101924EEFCB1009A80DD /* XO GameUITests */,
			);
		};
/* End PBXProject section */

/* Begin PBXResourcesBuildPhase section */
		9A060FF724EEFCAF009A80DD /* Resources */ = {
			isa = PBXResourcesBuildPhase;
			buildActionMask = 2147483647;
			files = (
				9A06100924EEFCB1009A80DD /* LaunchScreen.storyboard in Resources */,
				9A06100624EEFCB1009A80DD /* Assets.xcassets in Resources */,
				9A06100424EEFCAF009A80DD /* Main.storyboard in Resources */,
			);
			runOnlyForDeploymentPostprocessing = 0;
		};
		9A06100D24EEFCB1009A80DD /* Resources */ = {
			isa = PBXResourcesBuildPhase;
			buildActionMask = 2147483647;
			files = (
			);
			runOnlyForDeploymentPostprocessing = 0;
		};
		9A06101824EEFCB1009A80DD /* Resources */ = {
			isa = PBXResourcesBuildPhase;
			buildActionMask = 2147483647;
			files = (
			);
			runOnlyForDeploymentPostprocessing = 0;
		};
/* End PBXResourcesBuildPhase section */

/* Begin PBXSourcesBuildPhase section */
		9A060FF524EEFCAF009A80DD /* Sources */ = {
			isa = PBXSourcesBuildPhase;
			buildActionMask = 2147483647;
			files = (
				9A06100124EEFCAF009A80DD /* ViewController.swift in Sources */,
				9A060FFD24EEFCAF009A80DD /* AppDelegate.swift in Sources */,
				9A060FFF24EEFCAF009A80DD /* SceneDelegate.swift in Sources */,
				FA1EE53B27DA292D001726B0 /* ResultViewController.swift in Sources */,
			);
			runOnlyForDeploymentPostprocessing = 0;
		};
		9A06100B24EEFCB1009A80DD /* Sources */ = {
			isa = PBXSourcesBuildPhase;
			buildActionMask = 2147483647;
			files = (
				9A06101424EEFCB1009A80DD /* XO_GameTests.swift in Sources */,
			);
			runOnlyForDeploymentPostprocessing = 0;
		};
		9A06101624EEFCB1009A80DD /* Sources */ = {
			isa = PBXSourcesBuildPhase;
			buildActionMask = 2147483647;
			files = (
				9A06101F24EEFCB1009A80DD /* XO_GameUITests.swift in Sources */,
			);
			runOnlyForDeploymentPostprocessing = 0;
		};
/* End PBXSourcesBuildPhase section */

/* Begin PBXTargetDependency section */
		9A06101124EEFCB1009A80DD /* PBXTargetDependency */ = {
			isa = PBXTargetDependency;
			target = 9A060FF824EEFCAF009A80DD /* XO Game */;
			targetProxy = 9A06101024EEFCB1009A80DD /* PBXContainerItemProxy */;
		};
		9A06101C24EEFCB1009A80DD /* PBXTargetDependency */ = {
			isa = PBXTargetDependency;
			target = 9A060FF824EEFCAF009A80DD /* XO Game */;
			targetProxy = 9A06101B24EEFCB1009A80DD /* PBXContainerItemProxy */;
		};
/* End PBXTargetDependency section */

/* Begin PBXVariantGroup section */
		9A06100224EEFCAF009A80DD /* Main.storyboard */ = {
			isa = PBXVariantGroup;
			children = (
				9A06100324EEFCAF009A80DD /* Base */,
			);
			name = Main.storyboard;
			sourceTree = "<group>";
		};
		9A06100724EEFCB1009A80DD /* LaunchScreen.storyboard */ = {
			isa = PBXVariantGroup;
			children = (
				9A06100824EEFCB1009A80DD /* Base */,
			);
			name = LaunchScreen.storyboard;
			sourceTree = "<group>";
		};
/* End PBXVariantGroup section */

/* Begin XCBuildConfiguration section */
		9A06102124EEFCB1009A80DD /* Debug */ = {
			isa = XCBuildConfiguration;
			buildSettings = {
				ALWAYS_SEARCH_USER_PATHS = NO;
				CLANG_ANALYZER_NONNULL = YES;
				CLANG_ANALYZER_NUMBER_OBJECT_CONVERSION = YES_AGGRESSIVE;
				CLANG_CXX_LANGUAGE_STANDARD = "gnu++14";
				CLANG_CXX_LIBRARY = "libc++";
				CLANG_ENABLE_MODULES = YES;
				CLANG_ENABLE_OBJC_ARC = YES;
				CLANG_ENABLE_OBJC_WEAK = YES;
				CLANG_WARN_BLOCK_CAPTURE_AUTORELEASING = YES;
				CLANG_WARN_BOOL_CONVERSION = YES;
				CLANG_WARN_COMMA = YES;
				CLANG_WARN_CONSTANT_CONVERSION = YES;
				CLANG_WARN_DEPRECATED_OBJC_IMPLEMENTATIONS = YES;
				CLANG_WARN_DIRECT_OBJC_ISA_USAGE = YES_ERROR;
				CLANG_WARN_DOCUMENTATION_COMMENTS = YES;
				CLANG_WARN_EMPTY_BODY = YES;
				CLANG_WARN_ENUM_CONVERSION = YES;
				CLANG_WARN_INFINITE_RECURSION = YES;
				CLANG_WARN_INT_CONVERSION = YES;
				CLANG_WARN_NON_LITERAL_NULL_CONVERSION = YES;
				CLANG_WARN_OBJC_IMPLICIT_RETAIN_SELF = YES;
				CLANG_WARN_OBJC_LITERAL_CONVERSION = YES;
				CLANG_WARN_OBJC_ROOT_CLASS = YES_ERROR;
				CLANG_WARN_QUOTED_INCLUDE_IN_FRAMEWORK_HEADER = YES;
				CLANG_WARN_RANGE_LOOP_ANALYSIS = YES;
				CLANG_WARN_STRICT_PROTOTYPES = YES;
				CLANG_WARN_SUSPICIOUS_MOVE = YES;
				CLANG_WARN_UNGUARDED_AVAILABILITY = YES_AGGRESSIVE;
				CLANG_WARN_UNREACHABLE_CODE = YES;
				CLANG_WARN__DUPLICATE_METHOD_MATCH = YES;
				COPY_PHASE_STRIP = NO;
				DEBUG_INFORMATION_FORMAT = dwarf;
				ENABLE_STRICT_OBJC_MSGSEND = YES;
				ENABLE_TESTABILITY = YES;
				GCC_C_LANGUAGE_STANDARD = gnu11;
				GCC_DYNAMIC_NO_PIC = NO;
				GCC_NO_COMMON_BLOCKS = YES;
				GCC_OPTIMIZATION_LEVEL = 0;
				GCC_PREPROCESSOR_DEFINITIONS = (
					"DEBUG=1",
					"$(inherited)",
				);
				GCC_WARN_64_TO_32_BIT_CONVERSION = YES;
				GCC_WARN_ABOUT_RETURN_TYPE = YES_ERROR;
				GCC_WARN_UNDECLARED_SELECTOR = YES;
				GCC_WARN_UNINITIALIZED_AUTOS = YES_AGGRESSIVE;
				GCC_WARN_UNUSED_FUNCTION = YES;
				GCC_WARN_UNUSED_VARIABLE = YES;
				IPHONEOS_DEPLOYMENT_TARGET = 14.0;
				MTL_ENABLE_DEBUG_INFO = INCLUDE_SOURCE;
				MTL_FAST_MATH = YES;
				ONLY_ACTIVE_ARCH = YES;
				SDKROOT = iphoneos;
				SWIFT_ACTIVE_COMPILATION_CONDITIONS = DEBUG;
				SWIFT_OPTIMIZATION_LEVEL = "-Onone";
			};
			name = Debug;
		};
		9A06102224EEFCB1009A80DD /* Release */ = {
			isa = XCBuildConfiguration;
			buildSettings = {
				ALWAYS_SEARCH_USER_PATHS = NO;
				CLANG_ANALYZER_NONNULL = YES;
				CLANG_ANALYZER_NUMBER_OBJECT_CONVERSION = YES_AGGRESSIVE;
				CLANG_CXX_LANGUAGE_STANDARD = "gnu++14";
				CLANG_CXX_LIBRARY = "libc++";
				CLANG_ENABLE_MODULES = YES;
				CLANG_ENABLE_OBJC_ARC = YES;
				CLANG_ENABLE_OBJC_WEAK = YES;
				CLANG_WARN_BLOCK_CAPTURE_AUTORELEASING = YES;
				CLANG_WARN_BOOL_CONVERSION = YES;
				CLANG_WARN_COMMA = YES;
				CLANG_WARN_CONSTANT_CONVERSION = YES;
				CLANG_WARN_DEPRECATED_OBJC_IMPLEMENTATIONS = YES;
				CLANG_WARN_DIRECT_OBJC_ISA_USAGE = YES_ERROR;
				CLANG_WARN_DOCUMENTATION_COMMENTS = YES;
				CLANG_WARN_EMPTY_BODY = YES;
				CLANG_WARN_ENUM_CONVERSION = YES;
				CLANG_WARN_INFINITE_RECURSION = YES;
				CLANG_WARN_INT_CONVERSION = YES;
				CLANG_WARN_NON_LITERAL_NULL_CONVERSION = YES;
				CLANG_WARN_OBJC_IMPLICIT_RETAIN_SELF = YES;
				CLANG_WARN_OBJC_LITERAL_CONVERSION = YES;
				CLANG_WARN_OBJC_ROOT_CLASS = YES_ERROR;
				CLANG_WARN_QUOTED_INCLUDE_IN_FRAMEWORK_HEADER = YES;
				CLANG_WARN_RANGE_LOOP_ANALYSIS = YES;
				CLANG_WARN_STRICT_PROTOTYPES = YES;
				CLANG_WARN_SUSPICIOUS_MOVE = YES;
				CLANG_WARN_UNGUARDED_AVAILABILITY = YES_AGGRESSIVE;
				CLANG_WARN_UNREACHABLE_CODE = YES;
				CLANG_WARN__DUPLICATE_METHOD_MATCH = YES;
				COPY_PHASE_STRIP = NO;
				DEBUG_INFORMATION_FORMAT = "dwarf-with-dsym";
				ENABLE_NS_ASSERTIONS = NO;
				ENABLE_STRICT_OBJC_MSGSEND = YES;
				GCC_C_LANGUAGE_STANDARD = gnu11;
				GCC_NO_COMMON_BLOCKS = YES;
				GCC_WARN_64_TO_32_BIT_CONVERSION = YES;
				GCC_WARN_ABOUT_RETURN_TYPE = YES_ERROR;
				GCC_WARN_UNDECLARED_SELECTOR = YES;
				GCC_WARN_UNINITIALIZED_AUTOS = YES_AGGRESSIVE;
				GCC_WARN_UNUSED_FUNCTION = YES;
				GCC_WARN_UNUSED_VARIABLE = YES;
				IPHONEOS_DEPLOYMENT_TARGET = 14.0;
				MTL_ENABLE_DEBUG_INFO = NO;
				MTL_FAST_MATH = YES;
				SDKROOT = iphoneos;
				SWIFT_COMPILATION_MODE = wholemodule;
				SWIFT_OPTIMIZATION_LEVEL = "-O";
				VALIDATE_PRODUCT = YES;
			};
			name = Release;
		};
		9A06102424EEFCB1009A80DD /* Debug */ = {
			isa = XCBuildConfiguration;
			buildSettings = {
				ASSETCATALOG_COMPILER_APPICON_NAME = AppIcon;
				ASSETCATALOG_COMPILER_GLOBAL_ACCENT_COLOR_NAME = AccentColor;
				CODE_SIGN_STYLE = Automatic;
				INFOPLIST_FILE = "XO Game/Info.plist";
				LD_RUNPATH_SEARCH_PATHS = (
					"$(inherited)",
					"@executable_path/Frameworks",
				);
				PRODUCT_BUNDLE_IDENTIFIER = "com.malkhatib.XO-Game";
				PRODUCT_NAME = "$(TARGET_NAME)";
				SWIFT_VERSION = 5.0;
				TARGETED_DEVICE_FAMILY = "1,2";
			};
			name = Debug;
		};
		9A06102524EEFCB1009A80DD /* Release */ = {
			isa = XCBuildConfiguration;
			buildSettings = {
				ASSETCATALOG_COMPILER_APPICON_NAME = AppIcon;
				ASSETCATALOG_COMPILER_GLOBAL_ACCENT_COLOR_NAME = AccentColor;
				CODE_SIGN_STYLE = Automatic;
				INFOPLIST_FILE = "XO Game/Info.plist";
				LD_RUNPATH_SEARCH_PATHS = (
					"$(inherited)",
					"@executable_path/Frameworks",
				);
				PRODUCT_BUNDLE_IDENTIFIER = "com.malkhatib.XO-Game";
				PRODUCT_NAME = "$(TARGET_NAME)";
				SWIFT_VERSION = 5.0;
				TARGETED_DEVICE_FAMILY = "1,2";
			};
			name = Release;
		};
		9A06102724EEFCB1009A80DD /* Debug */ = {
			isa = XCBuildConfiguration;
			buildSettings = {
				ALWAYS_EMBED_SWIFT_STANDARD_LIBRARIES = YES;
				BUNDLE_LOADER = "$(TEST_HOST)";
				CODE_SIGN_STYLE = Automatic;
				INFOPLIST_FILE = "XO GameTests/Info.plist";
				IPHONEOS_DEPLOYMENT_TARGET = 14.0;
				LD_RUNPATH_SEARCH_PATHS = (
					"$(inherited)",
					"@executable_path/Frameworks",
					"@loader_path/Frameworks",
				);
				PRODUCT_BUNDLE_IDENTIFIER = "com.malkhatib.XO-GameTests";
				PRODUCT_NAME = "$(TARGET_NAME)";
				SWIFT_VERSION = 5.0;
				TARGETED_DEVICE_FAMILY = "1,2";
				TEST_HOST = "$(BUILT_PRODUCTS_DIR)/XO Game.app/XO Game";
			};
			name = Debug;
		};
		9A06102824EEFCB1009A80DD /* Release */ = {
			isa = XCBuildConfiguration;
			buildSettings = {
				ALWAYS_EMBED_SWIFT_STANDARD_LIBRARIES = YES;
				BUNDLE_LOADER = "$(TEST_HOST)";
				CODE_SIGN_STYLE = Automatic;
				INFOPLIST_FILE = "XO GameTests/Info.plist";
				IPHONEOS_DEPLOYMENT_TARGET = 14.0;
				LD_RUNPATH_SEARCH_PATHS = (
					"$(inherited)",
					"@executable_path/Frameworks",
					"@loader_path/Frameworks",
				);
				PRODUCT_BUNDLE_IDENTIFIER = "com.malkhatib.XO-GameTests";
				PRODUCT_NAME = "$(TARGET_NAME)";
				SWIFT_VERSION = 5.0;
				TARGETED_DEVICE_FAMILY = "1,2";
				TEST_HOST = "$(BUILT_PRODUCTS_DIR)/XO Game.app/XO Game";
			};
			name = Release;
		};
		9A06102A24EEFCB1009A80DD /* Debug */ = {
			isa = XCBuildConfiguration;
			buildSettings = {
				ALWAYS_EMBED_SWIFT_STANDARD_LIBRARIES = YES;
				CODE_SIGN_STYLE = Automatic;
				INFOPLIST_FILE = "XO GameUITests/Info.plist";
				LD_RUNPATH_SEARCH_PATHS = (
					"$(inherited)",
					"@executable_path/Frameworks",
					"@loader_path/Frameworks",
				);
				PRODUCT_BUNDLE_IDENTIFIER = "com.malkhatib.XO-GameUITests";
				PRODUCT_NAME = "$(TARGET_NAME)";
				SWIFT_VERSION = 5.0;
				TARGETED_DEVICE_FAMILY = "1,2";
				TEST_TARGET_NAME = "XO Game";
			};
			name = Debug;
		};
		9A06102B24EEFCB1009A80DD /* Release */ = {
			isa = XCBuildConfiguration;
			buildSettings = {
				ALWAYS_EMBED_SWIFT_STANDARD_LIBRARIES = YES;
				CODE_SIGN_STYLE = Automatic;
				INFOPLIST_FILE = "XO GameUITests/Info.plist";
				LD_RUNPATH_SEARCH_PATHS = (
					"$(inherited)",
					"@executable_path/Frameworks",
					"@loader_path/Frameworks",
				);
				PRODUCT_BUNDLE_IDENTIFIER = "com.malkhatib.XO-GameUITests";
				PRODUCT_NAME = "$(TARGET_NAME)";
				SWIFT_VERSION = 5.0;
				TARGETED_DEVICE_FAMILY = "1,2";
				TEST_TARGET_NAME = "XO Game";
			};
			name = Release;
		};
/* End XCBuildConfiguration section */

/* Begin XCConfigurationList section */
		9A060FF424EEFCAF009A80DD /* Build configuration list for PBXProject "XO Game" */ = {
			isa = XCConfigurationList;
			buildConfigurations = (
				9A06102124EEFCB1009A80DD /* Debug */,
				9A06102224EEFCB1009A80DD /* Release */,
			);
			defaultConfigurationIsVisible = 0;
			defaultConfigurationName = Release;
		};
		9A06102324EEFCB1009A80DD /* Build configuration list for PBXNativeTarget "XO Game" */ = {
			isa = XCConfigurationList;
			buildConfigurations = (
				9A06102424EEFCB1009A80DD /* Debug */,
				9A06102524EEFCB1009A80DD /* Release */,
			);
			defaultConfigurationIsVisible = 0;
			defaultConfigurationName = Release;
		};
		9A06102624EEFCB1009A80DD /* Build configuration list for PBXNativeTarget "XO GameTests" */ = {
			isa = XCConfigurationList;
			buildConfigurations = (
				9A06102724EEFCB1009A80DD /* Debug */,
				9A06102824EEFCB1009A80DD /* Release */,
			);
			defaultConfigurationIsVisible = 0;
			defaultConfigurationName = Release;
		};
		9A06102924EEFCB1009A80DD /* Build configuration list for PBXNativeTarget "XO GameUITests" */ = {
			isa = XCConfigurationList;
			buildConfigurations = (
				9A06102A24EEFCB1009A80DD /* Debug */,
				9A06102B24EEFCB1009A80DD /* Release */,
			);
			defaultConfigurationIsVisible = 0;
			defaultConfigurationName = Release;
		};
/* End XCConfigurationList section */
	};
	rootObject = 9A060FF124EEFCAF009A80DD /* Project object */;
}
